
Microsoft Visual Studio Solution File, Format Version 12.00
# Visual Studio Version 17
VisualStudioVersion = 17.0.31903.59
MinimumVisualStudioVersion = 10.0.40219.1
Project("{9A19103F-16F7-4668-BE54-9A1E7A4F7556}") = "BayanMeterLib", "BayanMeterLib\BayanMeterLib.csproj", "{033553C9-4747-4129-971E-0CFA730841D1}"
EndProject
Project("{9A19103F-16F7-4668-BE54-9A1E7A4F7556}") = "Core", "Core\Core.csproj", "{B6A457BB-0593-471B-915C-3881D7D7F342}"
EndProject
Project("{9A19103F-16F7-4668-BE54-9A1E7A4F7556}") = "BayanMeterCoreTest", "BayanMeterCoreTest\BayanMeterCoreTest.csproj", "{E86DBEE9-8C6B-4F87-929D-5F53988183B4}"
EndProject
Project("{9A19103F-16F7-4668-BE54-9A1E7A4F7556}") = "PostgreEF", "PostgreEF\PostgreEF.csproj", "{6D24EA78-EF39-4178-8272-FA4ADA79A1D1}"
EndProject
Project("{9A19103F-16F7-4668-BE54-9A1E7A4F7556}") = "TelegramCore", "TelegramCore\TelegramCore.csproj", "{19306443-5F2E-4DCF-9809-6DB688185970}"
EndProject
Project("{9A19103F-16F7-4668-BE54-9A1E7A4F7556}") = "CoreLib", "CoreLib\CoreLib.csproj", "{B0C07C18-0659-4815-AC04-BB551617FF27}"
EndProject
Project("{9A19103F-16F7-4668-BE54-9A1E7A4F7556}") = "DummyProject", "DummyProject\DummyProject.csproj", "{B3B6DD37-1893-41AC-9411-A61A54BA263C}"
EndProject
Project("{FAE04EC0-301F-11D3-BF4B-00C04F79EFBC}") = "KCalMeter", "KCalMeter\KCalMeter.csproj", "{D78713CB-809B-45FC-A786-C447116008C5}"
EndProject
Project("{FAE04EC0-301F-11D3-BF4B-00C04F79EFBC}") = "LevDimover", "LevDimover\LevDimover.csproj", "{31139D66-D121-46BC-8367-CCCA1C8FD0EA}"
EndProject
Project("{FAE04EC0-301F-11D3-BF4B-00C04F79EFBC}") = "LevDimoverTest", "LevDimoverTest\LevDimoverTest.csproj", "{B85F6D10-C8B8-49F2-AC9F-70F41714503E}"
EndProject
Project("{FAE04EC0-301F-11D3-BF4B-00C04F79EFBC}") = "AlertBot", "AlertBot\AlertBot.csproj", "{DC115594-7B92-45E1-B9FB-03ACD6A508DC}"
EndProject
Project("{FAE04EC0-301F-11D3-BF4B-00C04F79EFBC}") = "KCallMeterTest", "KCallMeterTest\KCallMeterTest.csproj", "{073DD115-3CC2-47D3-A48F-0C76F833BD33}"
EndProject
Project("{FAE04EC0-301F-11D3-BF4B-00C04F79EFBC}") = "Counter", "Counter\Counter.csproj", "{3DA8FF96-F5E0-437E-9EAE-36F285F38192}"
EndProject
Project("{FAE04EC0-301F-11D3-BF4B-00C04F79EFBC}") = "Planny", "Planny\Planny.csproj", "{4C21D227-106A-4D15-A0FD-D429D3770A5D}"
EndProject
Project("{FAE04EC0-301F-11D3-BF4B-00C04F79EFBC}") = "Runner", "Runner\Runner.csproj", "{017BB3D9-19BF-4B5A-BC3B-353F09DB1BC9}"
EndProject
Project("{FAE04EC0-301F-11D3-BF4B-00C04F79EFBC}") = "PlannyTest", "PlannyTest\PlannyTest.csproj", "{2C5F74B8-05AF-4F86-9B83-E1AACE620D7A}"
EndProject
Project("{FAE04EC0-301F-11D3-BF4B-00C04F79EFBC}") = "TGMigrator", "TGMigrator\TGMigrator.csproj", "{68944B63-35E8-4002-9CCD-4D5FF9118CA5}"
EndProject
Global
	GlobalSection(SolutionConfigurationPlatforms) = preSolution
		Debug|Any CPU = Debug|Any CPU
		Release|Any CPU = Release|Any CPU
	EndGlobalSection
	GlobalSection(ProjectConfigurationPlatforms) = postSolution
		{033553C9-4747-4129-971E-0CFA730841D1}.Debug|Any CPU.ActiveCfg = Debug|Any CPU
		{033553C9-4747-4129-971E-0CFA730841D1}.Debug|Any CPU.Build.0 = Debug|Any CPU
		{033553C9-4747-4129-971E-0CFA730841D1}.Release|Any CPU.ActiveCfg = Release|Any CPU
		{033553C9-4747-4129-971E-0CFA730841D1}.Release|Any CPU.Build.0 = Release|Any CPU
		{B6A457BB-0593-471B-915C-3881D7D7F342}.Debug|Any CPU.ActiveCfg = Debug|Any CPU
		{B6A457BB-0593-471B-915C-3881D7D7F342}.Debug|Any CPU.Build.0 = Debug|Any CPU
		{B6A457BB-0593-471B-915C-3881D7D7F342}.Release|Any CPU.ActiveCfg = Release|Any CPU
		{B6A457BB-0593-471B-915C-3881D7D7F342}.Release|Any CPU.Build.0 = Release|Any CPU
		{E86DBEE9-8C6B-4F87-929D-5F53988183B4}.Debug|Any CPU.ActiveCfg = Debug|Any CPU
		{E86DBEE9-8C6B-4F87-929D-5F53988183B4}.Debug|Any CPU.Build.0 = Debug|Any CPU
		{E86DBEE9-8C6B-4F87-929D-5F53988183B4}.Release|Any CPU.ActiveCfg = Release|Any CPU
		{E86DBEE9-8C6B-4F87-929D-5F53988183B4}.Release|Any CPU.Build.0 = Release|Any CPU
		{6D24EA78-EF39-4178-8272-FA4ADA79A1D1}.Debug|Any CPU.ActiveCfg = Debug|Any CPU
		{6D24EA78-EF39-4178-8272-FA4ADA79A1D1}.Debug|Any CPU.Build.0 = Debug|Any CPU
		{6D24EA78-EF39-4178-8272-FA4ADA79A1D1}.Release|Any CPU.ActiveCfg = Release|Any CPU
		{6D24EA78-EF39-4178-8272-FA4ADA79A1D1}.Release|Any CPU.Build.0 = Release|Any CPU
		{19306443-5F2E-4DCF-9809-6DB688185970}.Debug|Any CPU.ActiveCfg = Debug|Any CPU
		{19306443-5F2E-4DCF-9809-6DB688185970}.Debug|Any CPU.Build.0 = Debug|Any CPU
		{19306443-5F2E-4DCF-9809-6DB688185970}.Release|Any CPU.ActiveCfg = Release|Any CPU
		{19306443-5F2E-4DCF-9809-6DB688185970}.Release|Any CPU.Build.0 = Release|Any CPU
		{B0C07C18-0659-4815-AC04-BB551617FF27}.Debug|Any CPU.ActiveCfg = Debug|Any CPU
		{B0C07C18-0659-4815-AC04-BB551617FF27}.Debug|Any CPU.Build.0 = Debug|Any CPU
		{B0C07C18-0659-4815-AC04-BB551617FF27}.Release|Any CPU.ActiveCfg = Release|Any CPU
		{B0C07C18-0659-4815-AC04-BB551617FF27}.Release|Any CPU.Build.0 = Release|Any CPU
		{B3B6DD37-1893-41AC-9411-A61A54BA263C}.Debug|Any CPU.ActiveCfg = Debug|Any CPU
		{B3B6DD37-1893-41AC-9411-A61A54BA263C}.Debug|Any CPU.Build.0 = Debug|Any CPU
		{B3B6DD37-1893-41AC-9411-A61A54BA263C}.Release|Any CPU.ActiveCfg = Release|Any CPU
		{B3B6DD37-1893-41AC-9411-A61A54BA263C}.Release|Any CPU.Build.0 = Release|Any CPU
		{D78713CB-809B-45FC-A786-C447116008C5}.Debug|Any CPU.ActiveCfg = Debug|Any CPU
		{D78713CB-809B-45FC-A786-C447116008C5}.Debug|Any CPU.Build.0 = Debug|Any CPU
		{D78713CB-809B-45FC-A786-C447116008C5}.Release|Any CPU.ActiveCfg = Release|Any CPU
		{D78713CB-809B-45FC-A786-C447116008C5}.Release|Any CPU.Build.0 = Release|Any CPU
		{31139D66-D121-46BC-8367-CCCA1C8FD0EA}.Debug|Any CPU.ActiveCfg = Debug|Any CPU
		{31139D66-D121-46BC-8367-CCCA1C8FD0EA}.Debug|Any CPU.Build.0 = Debug|Any CPU
		{31139D66-D121-46BC-8367-CCCA1C8FD0EA}.Release|Any CPU.ActiveCfg = Release|Any CPU
		{31139D66-D121-46BC-8367-CCCA1C8FD0EA}.Release|Any CPU.Build.0 = Release|Any CPU
		{B85F6D10-C8B8-49F2-AC9F-70F41714503E}.Debug|Any CPU.ActiveCfg = Debug|Any CPU
		{B85F6D10-C8B8-49F2-AC9F-70F41714503E}.Debug|Any CPU.Build.0 = Debug|Any CPU
		{B85F6D10-C8B8-49F2-AC9F-70F41714503E}.Release|Any CPU.ActiveCfg = Release|Any CPU
		{B85F6D10-C8B8-49F2-AC9F-70F41714503E}.Release|Any CPU.Build.0 = Release|Any CPU
		{DC115594-7B92-45E1-B9FB-03ACD6A508DC}.Debug|Any CPU.ActiveCfg = Debug|Any CPU
		{DC115594-7B92-45E1-B9FB-03ACD6A508DC}.Debug|Any CPU.Build.0 = Debug|Any CPU
		{DC115594-7B92-45E1-B9FB-03ACD6A508DC}.Release|Any CPU.ActiveCfg = Release|Any CPU
		{DC115594-7B92-45E1-B9FB-03ACD6A508DC}.Release|Any CPU.Build.0 = Release|Any CPU
		{073DD115-3CC2-47D3-A48F-0C76F833BD33}.Debug|Any CPU.ActiveCfg = Debug|Any CPU
		{073DD115-3CC2-47D3-A48F-0C76F833BD33}.Debug|Any CPU.Build.0 = Debug|Any CPU
		{073DD115-3CC2-47D3-A48F-0C76F833BD33}.Release|Any CPU.ActiveCfg = Release|Any CPU
		{073DD115-3CC2-47D3-A48F-0C76F833BD33}.Release|Any CPU.Build.0 = Release|Any CPU
		{3DA8FF96-F5E0-437E-9EAE-36F285F38192}.Debug|Any CPU.ActiveCfg = Debug|Any CPU
		{3DA8FF96-F5E0-437E-9EAE-36F285F38192}.Debug|Any CPU.Build.0 = Debug|Any CPU
		{3DA8FF96-F5E0-437E-9EAE-36F285F38192}.Release|Any CPU.ActiveCfg = Release|Any CPU
		{3DA8FF96-F5E0-437E-9EAE-36F285F38192}.Release|Any CPU.Build.0 = Release|Any CPU
		{4C21D227-106A-4D15-A0FD-D429D3770A5D}.Debug|Any CPU.ActiveCfg = Debug|Any CPU
		{4C21D227-106A-4D15-A0FD-D429D3770A5D}.Debug|Any CPU.Build.0 = Debug|Any CPU
		{4C21D227-106A-4D15-A0FD-D429D3770A5D}.Release|Any CPU.ActiveCfg = Release|Any CPU
		{4C21D227-106A-4D15-A0FD-D429D3770A5D}.Release|Any CPU.Build.0 = Release|Any CPU
		{017BB3D9-19BF-4B5A-BC3B-353F09DB1BC9}.Debug|Any CPU.ActiveCfg = Debug|Any CPU
		{017BB3D9-19BF-4B5A-BC3B-353F09DB1BC9}.Debug|Any CPU.Build.0 = Debug|Any CPU
		{017BB3D9-19BF-4B5A-BC3B-353F09DB1BC9}.Release|Any CPU.ActiveCfg = Release|Any CPU
		{017BB3D9-19BF-4B5A-BC3B-353F09DB1BC9}.Release|Any CPU.Build.0 = Release|Any CPU
		{2C5F74B8-05AF-4F86-9B83-E1AACE620D7A}.Debug|Any CPU.ActiveCfg = Debug|Any CPU
		{2C5F74B8-05AF-4F86-9B83-E1AACE620D7A}.Debug|Any CPU.Build.0 = Debug|Any CPU
		{2C5F74B8-05AF-4F86-9B83-E1AACE620D7A}.Release|Any CPU.ActiveCfg = Release|Any CPU
		{2C5F74B8-05AF-4F86-9B83-E1AACE620D7A}.Release|Any CPU.Build.0 = Release|Any CPU
		{68944B63-35E8-4002-9CCD-4D5FF9118CA5}.Debug|Any CPU.ActiveCfg = Debug|Any CPU
		{68944B63-35E8-4002-9CCD-4D5FF9118CA5}.Debug|Any CPU.Build.0 = Debug|Any CPU
		{68944B63-35E8-4002-9CCD-4D5FF9118CA5}.Release|Any CPU.ActiveCfg = Release|Any CPU
		{68944B63-35E8-4002-9CCD-4D5FF9118CA5}.Release|Any CPU.Build.0 = Release|Any CPU
	EndGlobalSection
	GlobalSection(SolutionProperties) = preSolution
		HideSolutionNode = FALSE
	EndGlobalSection
	GlobalSection(ExtensibilityGlobals) = postSolution
		SolutionGuid = {8CBFC3B0-5D7B-4670-9CE4-FF7E71BB7E49}
	EndGlobalSection
EndGlobal
