
Microsoft Visual Studio Solution File, Format Version 12.00
# Visual Studio Version 17
VisualStudioVersion = 17.0.31903.59
MinimumVisualStudioVersion = 10.0.40219.1
Project("{9A19103F-16F7-4668-BE54-9A1E7A4F7556}") = "BayanMeter", "BayanMeter\BayanMeter.csproj", "{14F709AC-A2E7-443F-B7AE-CE65B33C989F}"
EndProject
Project("{9A19103F-16F7-4668-BE54-9A1E7A4F7556}") = "BayanMeterLib", "BayanMeterLib\BayanMeterLib.csproj", "{033553C9-4747-4129-971E-0CFA730841D1}"
EndProject
Project("{9A19103F-16F7-4668-BE54-9A1E7A4F7556}") = "Core", "Core\Core.csproj", "{B6A457BB-0593-471B-915C-3881D7D7F342}"
EndProject
Project("{9A19103F-16F7-4668-BE54-9A1E7A4F7556}") = "BayanMeterCoreTest", "BayanMeterCoreTest\BayanMeterCoreTest.csproj", "{E86DBEE9-8C6B-4F87-929D-5F53988183B4}"
EndProject
Project("{9A19103F-16F7-4668-BE54-9A1E7A4F7556}") = "SqlEF", "SqlEF\SqlEF.csproj", "{C741613A-86EA-48C6-B2AB-1FE06602D9B1}"
EndProject
Project("{9A19103F-16F7-4668-BE54-9A1E7A4F7556}") = "PostgreEF", "PostgreEF\PostgreEF.csproj", "{6D24EA78-EF39-4178-8272-FA4ADA79A1D1}"
EndProject
Project("{9A19103F-16F7-4668-BE54-9A1E7A4F7556}") = "Migration", "Migration\Migration.csproj", "{962D798C-736D-4DB6-BB98-54F47B472F72}"
EndProject
Project("{9A19103F-16F7-4668-BE54-9A1E7A4F7556}") = "CheQueue", "CheQueue\CheQueue.csproj", "{18D94217-A981-4CFE-8A51-8AD48D54C73D}"
EndProject
Project("{9A19103F-16F7-4668-BE54-9A1E7A4F7556}") = "TelegramCore", "TelegramCore\TelegramCore.csproj", "{19306443-5F2E-4DCF-9809-6DB688185970}"
EndProject
Project("{9A19103F-16F7-4668-BE54-9A1E7A4F7556}") = "CheQueueTest", "CheQueueTest\CheQueueTest.csproj", "{E388C5D2-E86D-40CB-A8DC-25039CCC8C3C}"
EndProject
Project("{9A19103F-16F7-4668-BE54-9A1E7A4F7556}") = "CheQueueLib", "CheQueueLib\CheQueueLib.csproj", "{C589C515-1C1F-414E-B6ED-3D3ACCC4D320}"
EndProject
Project("{9A19103F-16F7-4668-BE54-9A1E7A4F7556}") = "CoreLib", "CoreLib\CoreLib.csproj", "{B0C07C18-0659-4815-AC04-BB551617FF27}"
EndProject
Project("{9A19103F-16F7-4668-BE54-9A1E7A4F7556}") = "DummyProject", "DummyProject\DummyProject.csproj", "{B3B6DD37-1893-41AC-9411-A61A54BA263C}"
EndProject
Project("{FAE04EC0-301F-11D3-BF4B-00C04F79EFBC}") = "KonturPaymentsLib", "KonturPaymentsLib\KonturPaymentsLib.csproj", "{06390A75-5814-44D2-A287-CE798C22A4C5}"
EndProject
Project("{FAE04EC0-301F-11D3-BF4B-00C04F79EFBC}") = "StorerLib", "StorerLib\StorerLib.csproj", "{E0CF2607-0BB5-4493-B8F4-BBE0D9C6904E}"
EndProject
Project("{FAE04EC0-301F-11D3-BF4B-00C04F79EFBC}") = "KCalMeter", "KCalMeter\KCalMeter.csproj", "{D78713CB-809B-45FC-A786-C447116008C5}"
EndProject
Project("{FAE04EC0-301F-11D3-BF4B-00C04F79EFBC}") = "LevDimover", "LevDimover\LevDimover.csproj", "{31139D66-D121-46BC-8367-CCCA1C8FD0EA}"
EndProject
Project("{FAE04EC0-301F-11D3-BF4B-00C04F79EFBC}") = "LevDimoverTest", "LevDimoverTest\LevDimoverTest.csproj", "{B85F6D10-C8B8-49F2-AC9F-70F41714503E}"
EndProject
Project("{FAE04EC0-301F-11D3-BF4B-00C04F79EFBC}") = "AlertBot", "AlertBot\AlertBot.csproj", "{DC115594-7B92-45E1-B9FB-03ACD6A508DC}"
EndProject
Global
	GlobalSection(SolutionConfigurationPlatforms) = preSolution
		Debug|Any CPU = Debug|Any CPU
		Release|Any CPU = Release|Any CPU
	EndGlobalSection
	GlobalSection(ProjectConfigurationPlatforms) = postSolution
		{14F709AC-A2E7-443F-B7AE-CE65B33C989F}.Debug|Any CPU.ActiveCfg = Debug|Any CPU
		{14F709AC-A2E7-443F-B7AE-CE65B33C989F}.Debug|Any CPU.Build.0 = Debug|Any CPU
		{14F709AC-A2E7-443F-B7AE-CE65B33C989F}.Release|Any CPU.ActiveCfg = Release|Any CPU
		{14F709AC-A2E7-443F-B7AE-CE65B33C989F}.Release|Any CPU.Build.0 = Release|Any CPU
		{033553C9-4747-4129-971E-0CFA730841D1}.Debug|Any CPU.ActiveCfg = Debug|Any CPU
		{033553C9-4747-4129-971E-0CFA730841D1}.Debug|Any CPU.Build.0 = Debug|Any CPU
		{033553C9-4747-4129-971E-0CFA730841D1}.Release|Any CPU.ActiveCfg = Release|Any CPU
		{033553C9-4747-4129-971E-0CFA730841D1}.Release|Any CPU.Build.0 = Release|Any CPU
		{B6A457BB-0593-471B-915C-3881D7D7F342}.Debug|Any CPU.ActiveCfg = Debug|Any CPU
		{B6A457BB-0593-471B-915C-3881D7D7F342}.Debug|Any CPU.Build.0 = Debug|Any CPU
		{B6A457BB-0593-471B-915C-3881D7D7F342}.Release|Any CPU.ActiveCfg = Release|Any CPU
		{B6A457BB-0593-471B-915C-3881D7D7F342}.Release|Any CPU.Build.0 = Release|Any CPU
		{E86DBEE9-8C6B-4F87-929D-5F53988183B4}.Debug|Any CPU.ActiveCfg = Debug|Any CPU
		{E86DBEE9-8C6B-4F87-929D-5F53988183B4}.Debug|Any CPU.Build.0 = Debug|Any CPU
		{E86DBEE9-8C6B-4F87-929D-5F53988183B4}.Release|Any CPU.ActiveCfg = Release|Any CPU
		{E86DBEE9-8C6B-4F87-929D-5F53988183B4}.Release|Any CPU.Build.0 = Release|Any CPU
		{C741613A-86EA-48C6-B2AB-1FE06602D9B1}.Debug|Any CPU.ActiveCfg = Debug|Any CPU
		{C741613A-86EA-48C6-B2AB-1FE06602D9B1}.Debug|Any CPU.Build.0 = Debug|Any CPU
		{C741613A-86EA-48C6-B2AB-1FE06602D9B1}.Release|Any CPU.ActiveCfg = Release|Any CPU
		{C741613A-86EA-48C6-B2AB-1FE06602D9B1}.Release|Any CPU.Build.0 = Release|Any CPU
		{6D24EA78-EF39-4178-8272-FA4ADA79A1D1}.Debug|Any CPU.ActiveCfg = Debug|Any CPU
		{6D24EA78-EF39-4178-8272-FA4ADA79A1D1}.Debug|Any CPU.Build.0 = Debug|Any CPU
		{6D24EA78-EF39-4178-8272-FA4ADA79A1D1}.Release|Any CPU.ActiveCfg = Release|Any CPU
		{6D24EA78-EF39-4178-8272-FA4ADA79A1D1}.Release|Any CPU.Build.0 = Release|Any CPU
		{962D798C-736D-4DB6-BB98-54F47B472F72}.Debug|Any CPU.ActiveCfg = Debug|Any CPU
		{962D798C-736D-4DB6-BB98-54F47B472F72}.Debug|Any CPU.Build.0 = Debug|Any CPU
		{962D798C-736D-4DB6-BB98-54F47B472F72}.Release|Any CPU.ActiveCfg = Release|Any CPU
		{962D798C-736D-4DB6-BB98-54F47B472F72}.Release|Any CPU.Build.0 = Release|Any CPU
		{18D94217-A981-4CFE-8A51-8AD48D54C73D}.Debug|Any CPU.ActiveCfg = Debug|Any CPU
		{18D94217-A981-4CFE-8A51-8AD48D54C73D}.Debug|Any CPU.Build.0 = Debug|Any CPU
		{18D94217-A981-4CFE-8A51-8AD48D54C73D}.Release|Any CPU.ActiveCfg = Release|Any CPU
		{18D94217-A981-4CFE-8A51-8AD48D54C73D}.Release|Any CPU.Build.0 = Release|Any CPU
		{19306443-5F2E-4DCF-9809-6DB688185970}.Debug|Any CPU.ActiveCfg = Debug|Any CPU
		{19306443-5F2E-4DCF-9809-6DB688185970}.Debug|Any CPU.Build.0 = Debug|Any CPU
		{19306443-5F2E-4DCF-9809-6DB688185970}.Release|Any CPU.ActiveCfg = Release|Any CPU
		{19306443-5F2E-4DCF-9809-6DB688185970}.Release|Any CPU.Build.0 = Release|Any CPU
		{E388C5D2-E86D-40CB-A8DC-25039CCC8C3C}.Debug|Any CPU.ActiveCfg = Debug|Any CPU
		{E388C5D2-E86D-40CB-A8DC-25039CCC8C3C}.Debug|Any CPU.Build.0 = Debug|Any CPU
		{E388C5D2-E86D-40CB-A8DC-25039CCC8C3C}.Release|Any CPU.ActiveCfg = Release|Any CPU
		{E388C5D2-E86D-40CB-A8DC-25039CCC8C3C}.Release|Any CPU.Build.0 = Release|Any CPU
		{C589C515-1C1F-414E-B6ED-3D3ACCC4D320}.Debug|Any CPU.ActiveCfg = Debug|Any CPU
		{C589C515-1C1F-414E-B6ED-3D3ACCC4D320}.Debug|Any CPU.Build.0 = Debug|Any CPU
		{C589C515-1C1F-414E-B6ED-3D3ACCC4D320}.Release|Any CPU.ActiveCfg = Release|Any CPU
		{C589C515-1C1F-414E-B6ED-3D3ACCC4D320}.Release|Any CPU.Build.0 = Release|Any CPU
		{B0C07C18-0659-4815-AC04-BB551617FF27}.Debug|Any CPU.ActiveCfg = Debug|Any CPU
		{B0C07C18-0659-4815-AC04-BB551617FF27}.Debug|Any CPU.Build.0 = Debug|Any CPU
		{B0C07C18-0659-4815-AC04-BB551617FF27}.Release|Any CPU.ActiveCfg = Release|Any CPU
		{B0C07C18-0659-4815-AC04-BB551617FF27}.Release|Any CPU.Build.0 = Release|Any CPU
		{B3B6DD37-1893-41AC-9411-A61A54BA263C}.Debug|Any CPU.ActiveCfg = Debug|Any CPU
		{B3B6DD37-1893-41AC-9411-A61A54BA263C}.Debug|Any CPU.Build.0 = Debug|Any CPU
		{B3B6DD37-1893-41AC-9411-A61A54BA263C}.Release|Any CPU.ActiveCfg = Release|Any CPU
		{B3B6DD37-1893-41AC-9411-A61A54BA263C}.Release|Any CPU.Build.0 = Release|Any CPU
		{06390A75-5814-44D2-A287-CE798C22A4C5}.Debug|Any CPU.ActiveCfg = Debug|Any CPU
		{06390A75-5814-44D2-A287-CE798C22A4C5}.Debug|Any CPU.Build.0 = Debug|Any CPU
		{06390A75-5814-44D2-A287-CE798C22A4C5}.Release|Any CPU.ActiveCfg = Release|Any CPU
		{06390A75-5814-44D2-A287-CE798C22A4C5}.Release|Any CPU.Build.0 = Release|Any CPU
		{E0CF2607-0BB5-4493-B8F4-BBE0D9C6904E}.Debug|Any CPU.ActiveCfg = Debug|Any CPU
		{E0CF2607-0BB5-4493-B8F4-BBE0D9C6904E}.Debug|Any CPU.Build.0 = Debug|Any CPU
		{E0CF2607-0BB5-4493-B8F4-BBE0D9C6904E}.Release|Any CPU.ActiveCfg = Release|Any CPU
		{E0CF2607-0BB5-4493-B8F4-BBE0D9C6904E}.Release|Any CPU.Build.0 = Release|Any CPU
		{D78713CB-809B-45FC-A786-C447116008C5}.Debug|Any CPU.ActiveCfg = Debug|Any CPU
		{D78713CB-809B-45FC-A786-C447116008C5}.Debug|Any CPU.Build.0 = Debug|Any CPU
		{D78713CB-809B-45FC-A786-C447116008C5}.Release|Any CPU.ActiveCfg = Release|Any CPU
		{D78713CB-809B-45FC-A786-C447116008C5}.Release|Any CPU.Build.0 = Release|Any CPU
		{31139D66-D121-46BC-8367-CCCA1C8FD0EA}.Debug|Any CPU.ActiveCfg = Debug|Any CPU
		{31139D66-D121-46BC-8367-CCCA1C8FD0EA}.Debug|Any CPU.Build.0 = Debug|Any CPU
		{31139D66-D121-46BC-8367-CCCA1C8FD0EA}.Release|Any CPU.ActiveCfg = Release|Any CPU
		{31139D66-D121-46BC-8367-CCCA1C8FD0EA}.Release|Any CPU.Build.0 = Release|Any CPU
		{B85F6D10-C8B8-49F2-AC9F-70F41714503E}.Debug|Any CPU.ActiveCfg = Debug|Any CPU
		{B85F6D10-C8B8-49F2-AC9F-70F41714503E}.Debug|Any CPU.Build.0 = Debug|Any CPU
		{B85F6D10-C8B8-49F2-AC9F-70F41714503E}.Release|Any CPU.ActiveCfg = Release|Any CPU
		{B85F6D10-C8B8-49F2-AC9F-70F41714503E}.Release|Any CPU.Build.0 = Release|Any CPU
		{DC115594-7B92-45E1-B9FB-03ACD6A508DC}.Debug|Any CPU.ActiveCfg = Debug|Any CPU
		{DC115594-7B92-45E1-B9FB-03ACD6A508DC}.Debug|Any CPU.Build.0 = Debug|Any CPU
		{DC115594-7B92-45E1-B9FB-03ACD6A508DC}.Release|Any CPU.ActiveCfg = Release|Any CPU
		{DC115594-7B92-45E1-B9FB-03ACD6A508DC}.Release|Any CPU.Build.0 = Release|Any CPU
	EndGlobalSection
	GlobalSection(SolutionProperties) = preSolution
		HideSolutionNode = FALSE
	EndGlobalSection
	GlobalSection(ExtensibilityGlobals) = postSolution
		SolutionGuid = {8CBFC3B0-5D7B-4670-9CE4-FF7E71BB7E49}
	EndGlobalSection
EndGlobal
