
Microsoft Visual Studio Solution File, Format Version 12.00
# Visual Studio Version 16
VisualStudioVersion = 16.0.29519.181
MinimumVisualStudioVersion = 10.0.40219.1
Project("{9A19103F-16F7-4668-BE54-9A1E7A4F7556}") = "BayanMeter", "BayanMeter\BayanMeter.csproj", "{14F709AC-A2E7-443F-B7AE-CE65B33C989F}"
EndProject
Project("{9A19103F-16F7-4668-BE54-9A1E7A4F7556}") = "BayanMeterLib", "BayanMeterLib\BayanMeterLib.csproj", "{033553C9-4747-4129-971E-0CFA730841D1}"
EndProject
Project("{9A19103F-16F7-4668-BE54-9A1E7A4F7556}") = "Core", "Core\Core.csproj", "{B6A457BB-0593-471B-915C-3881D7D7F342}"
EndProject
Project("{FAE04EC0-301F-11D3-BF4B-00C04F79EFBC}") = "BayanMeterCoreTest", "BayanMeterCoreTest\BayanMeterCoreTest.csproj", "{E86DBEE9-8C6B-4F87-929D-5F53988183B4}"
EndProject
Project("{9A19103F-16F7-4668-BE54-9A1E7A4F7556}") = "SqlEF", "SqlEF\SqlEF.csproj", "{C741613A-86EA-48C6-B2AB-1FE06602D9B1}"
EndProject
Project("{9A19103F-16F7-4668-BE54-9A1E7A4F7556}") = "PostgreEF", "PostgreEF\PostgreEF.csproj", "{6D24EA78-EF39-4178-8272-FA4ADA79A1D1}"
EndProject
Project("{FAE04EC0-301F-11D3-BF4B-00C04F79EFBC}") = "Migration", "Migration\Migration.csproj", "{962D798C-736D-4DB6-BB98-54F47B472F72}"
EndProject
Global
	GlobalSection(SolutionConfigurationPlatforms) = preSolution
		Debug|Any CPU = Debug|Any CPU
		Release|Any CPU = Release|Any CPU
	EndGlobalSection
	GlobalSection(ProjectConfigurationPlatforms) = postSolution
		{14F709AC-A2E7-443F-B7AE-CE65B33C989F}.Debug|Any CPU.ActiveCfg = Debug|Any CPU
		{14F709AC-A2E7-443F-B7AE-CE65B33C989F}.Debug|Any CPU.Build.0 = Debug|Any CPU
		{14F709AC-A2E7-443F-B7AE-CE65B33C989F}.Release|Any CPU.ActiveCfg = Release|Any CPU
		{14F709AC-A2E7-443F-B7AE-CE65B33C989F}.Release|Any CPU.Build.0 = Release|Any CPU
		{033553C9-4747-4129-971E-0CFA730841D1}.Debug|Any CPU.ActiveCfg = Debug|Any CPU
		{033553C9-4747-4129-971E-0CFA730841D1}.Debug|Any CPU.Build.0 = Debug|Any CPU
		{033553C9-4747-4129-971E-0CFA730841D1}.Release|Any CPU.ActiveCfg = Release|Any CPU
		{033553C9-4747-4129-971E-0CFA730841D1}.Release|Any CPU.Build.0 = Release|Any CPU
		{B6A457BB-0593-471B-915C-3881D7D7F342}.Debug|Any CPU.ActiveCfg = Debug|Any CPU
		{B6A457BB-0593-471B-915C-3881D7D7F342}.Debug|Any CPU.Build.0 = Debug|Any CPU
		{B6A457BB-0593-471B-915C-3881D7D7F342}.Release|Any CPU.ActiveCfg = Release|Any CPU
		{B6A457BB-0593-471B-915C-3881D7D7F342}.Release|Any CPU.Build.0 = Release|Any CPU
		{E86DBEE9-8C6B-4F87-929D-5F53988183B4}.Debug|Any CPU.ActiveCfg = Debug|Any CPU
		{E86DBEE9-8C6B-4F87-929D-5F53988183B4}.Debug|Any CPU.Build.0 = Debug|Any CPU
		{E86DBEE9-8C6B-4F87-929D-5F53988183B4}.Release|Any CPU.ActiveCfg = Release|Any CPU
		{E86DBEE9-8C6B-4F87-929D-5F53988183B4}.Release|Any CPU.Build.0 = Release|Any CPU
		{C741613A-86EA-48C6-B2AB-1FE06602D9B1}.Debug|Any CPU.ActiveCfg = Debug|Any CPU
		{C741613A-86EA-48C6-B2AB-1FE06602D9B1}.Debug|Any CPU.Build.0 = Debug|Any CPU
		{C741613A-86EA-48C6-B2AB-1FE06602D9B1}.Release|Any CPU.ActiveCfg = Release|Any CPU
		{C741613A-86EA-48C6-B2AB-1FE06602D9B1}.Release|Any CPU.Build.0 = Release|Any CPU
		{6D24EA78-EF39-4178-8272-FA4ADA79A1D1}.Debug|Any CPU.ActiveCfg = Debug|Any CPU
		{6D24EA78-EF39-4178-8272-FA4ADA79A1D1}.Debug|Any CPU.Build.0 = Debug|Any CPU
		{6D24EA78-EF39-4178-8272-FA4ADA79A1D1}.Release|Any CPU.ActiveCfg = Release|Any CPU
		{6D24EA78-EF39-4178-8272-FA4ADA79A1D1}.Release|Any CPU.Build.0 = Release|Any CPU
		{962D798C-736D-4DB6-BB98-54F47B472F72}.Debug|Any CPU.ActiveCfg = Debug|Any CPU
		{962D798C-736D-4DB6-BB98-54F47B472F72}.Debug|Any CPU.Build.0 = Debug|Any CPU
		{962D798C-736D-4DB6-BB98-54F47B472F72}.Release|Any CPU.ActiveCfg = Release|Any CPU
		{962D798C-736D-4DB6-BB98-54F47B472F72}.Release|Any CPU.Build.0 = Release|Any CPU
	EndGlobalSection
	GlobalSection(SolutionProperties) = preSolution
		HideSolutionNode = FALSE
	EndGlobalSection
	GlobalSection(ExtensibilityGlobals) = postSolution
		SolutionGuid = {8CBFC3B0-5D7B-4670-9CE4-FF7E71BB7E49}
	EndGlobalSection
EndGlobal
